
Microsoft Visual Studio Solution File, Format Version 12.00
# Visual Studio Version 16
VisualStudioVersion = 16.0.30717.126
MinimumVisualStudioVersion = 10.0.40219.1
Project("{9A19103F-16F7-4668-BE54-9A1E7A4F7556}") = "JesseRussell.Numerics", "JesseRussell.Numerics\JesseRussell.Numerics.csproj", "{DC5786FB-4D3F-4473-AA1C-76447D119365}"
EndProject
Project("{9A19103F-16F7-4668-BE54-9A1E7A4F7556}") = "WorkInProgress", "WorkInProgress\WorkInProgress.csproj", "{C497BAE6-AAF3-4145-9FBA-2B3C1AD29D7E}"
EndProject
Project("{9A19103F-16F7-4668-BE54-9A1E7A4F7556}") = "JesseRussell.Numerics_test", "JesseRussell.Numerics_test\JesseRussell.Numerics_test.csproj", "{4ADFAB97-7521-43B9-8EB6-833BE727CCCF}"
EndProject
Project("{FAE04EC0-301F-11D3-BF4B-00C04F79EFBC}") = "Debugging", "Debugging\Debugging.csproj", "{CCD66830-B92D-486D-B014-CADE2C3C9B57}"
EndProject
Global
	GlobalSection(SolutionConfigurationPlatforms) = preSolution
		Debug|Any CPU = Debug|Any CPU
		Release|Any CPU = Release|Any CPU
	EndGlobalSection
	GlobalSection(ProjectConfigurationPlatforms) = postSolution
		{DC5786FB-4D3F-4473-AA1C-76447D119365}.Debug|Any CPU.ActiveCfg = Debug|Any CPU
		{DC5786FB-4D3F-4473-AA1C-76447D119365}.Debug|Any CPU.Build.0 = Debug|Any CPU
		{DC5786FB-4D3F-4473-AA1C-76447D119365}.Release|Any CPU.ActiveCfg = Release|Any CPU
		{DC5786FB-4D3F-4473-AA1C-76447D119365}.Release|Any CPU.Build.0 = Release|Any CPU
		{C497BAE6-AAF3-4145-9FBA-2B3C1AD29D7E}.Debug|Any CPU.ActiveCfg = Debug|Any CPU
		{C497BAE6-AAF3-4145-9FBA-2B3C1AD29D7E}.Debug|Any CPU.Build.0 = Debug|Any CPU
		{C497BAE6-AAF3-4145-9FBA-2B3C1AD29D7E}.Release|Any CPU.ActiveCfg = Release|Any CPU
		{C497BAE6-AAF3-4145-9FBA-2B3C1AD29D7E}.Release|Any CPU.Build.0 = Release|Any CPU
		{4ADFAB97-7521-43B9-8EB6-833BE727CCCF}.Debug|Any CPU.ActiveCfg = Debug|Any CPU
		{4ADFAB97-7521-43B9-8EB6-833BE727CCCF}.Debug|Any CPU.Build.0 = Debug|Any CPU
		{4ADFAB97-7521-43B9-8EB6-833BE727CCCF}.Release|Any CPU.ActiveCfg = Release|Any CPU
		{4ADFAB97-7521-43B9-8EB6-833BE727CCCF}.Release|Any CPU.Build.0 = Release|Any CPU
		{CCD66830-B92D-486D-B014-CADE2C3C9B57}.Debug|Any CPU.ActiveCfg = Debug|Any CPU
		{CCD66830-B92D-486D-B014-CADE2C3C9B57}.Debug|Any CPU.Build.0 = Debug|Any CPU
		{CCD66830-B92D-486D-B014-CADE2C3C9B57}.Release|Any CPU.ActiveCfg = Release|Any CPU
		{CCD66830-B92D-486D-B014-CADE2C3C9B57}.Release|Any CPU.Build.0 = Release|Any CPU
	EndGlobalSection
	GlobalSection(SolutionProperties) = preSolution
		HideSolutionNode = FALSE
	EndGlobalSection
	GlobalSection(ExtensibilityGlobals) = postSolution
		SolutionGuid = {7C2BE444-B0C7-4A3A-8688-4607862437AD}
	EndGlobalSection
EndGlobal
